dependencies:
- name: postgresql
  repository: oci://registry-1.docker.io/bitnamicharts
  version: 18.11.3
- name: redis
  repository: oci://registry-1.docker.io/bitnamicharts
  version: 24.0.0
- name: tfy-sandbox-server
  repository: oci://tfy.jfrog.io/tfy-helm
  version: 0.3.3
digest: sha256:255083b7a7b0410e6c491b623b3d570fdd7a418d50ddb4a7361a556a86ff5b00
generated: "2026-09-17T19:49:46.58537569Z"
